
Microsoft Visual Studio Solution File, Format Version 12.00
# Visual Studio Version 16
VisualStudioVersion = 16.0.31005.135
MinimumVisualStudioVersion = 10.0.40219.1
Project("{FAE04EC0-301F-11D3-BF4B-00C04F79EFBC}") = "WpfApp9", "WpfApp9\WpfApp9.csproj", "{58607B26-67E3-4B77-BD92-F584C17BAB0F}"
EndProject
Global
	GlobalSection(SolutionConfigurationPlatforms) = preSolution
		Debug|Any CPU = Debug|Any CPU
		Release|Any CPU = Release|Any CPU
	EndGlobalSection
	GlobalSection(ProjectConfigurationPlatforms) = postSolution
		{58607B26-67E3-4B77-BD92-F584C17BAB0F}.Debug|Any CPU.ActiveCfg = Debug|Any CPU
		{58607B26-67E3-4B77-BD92-F584C17BAB0F}.Debug|Any CPU.Build.0 = Debug|Any CPU
		{58607B26-67E3-4B77-BD92-F584C17BAB0F}.Release|Any CPU.ActiveCfg = Release|Any CPU
		{58607B26-67E3-4B77-BD92-F584C17BAB0F}.Release|Any CPU.Build.0 = Release|Any CPU
	EndGlobalSection
	GlobalSection(SolutionProperties) = preSolution
		HideSolutionNode = FALSE
	EndGlobalSection
	GlobalSection(ExtensibilityGlobals) = postSolution
		SolutionGuid = {B161648A-BA29-438F-B49A-432C1375A8F8}
	EndGlobalSection
EndGlobal
